{
  "requires": true,
  "lockfileVersion": 1,
  "dependencies": {
    "@lottiefiles/dotlottie-web": {
      "version": "0.25.0",
      "resolved": "https://registry.npmjs.org/@lottiefiles/dotlottie-web/-/dotlottie-web-0.25.0.tgz",
      "integrity": "sha512-k+4tTckmy7y319qY4AlZiLm4dP95KLXfZd1l1jbss0qX/eyV4KKT+4iLuBfhoFSljfXmM15Oma+e8d663CHPyA=="
    }
  }
}
